PODS:
  - Charts (3.5.0):
    - Charts/Core (= 3.5.0)
  - Charts/Core (3.5.0)
  - EAIntroView (2.12.0):
    - EARestrictedScrollView (~> 1.1.0)
  - EARestrictedScrollView (1.1.0)
  - FontAwesome.swift (1.9.0)
  - Instructions (2.0.0)
  - PKHUD (5.3.0)
  - Realm (5.3.5):
    - Realm/Headers (= 5.3.5)
  - Realm/Headers (5.3.5)
  - RealmSwift (5.3.5):
    - Realm (= 5.3.5)
  - Siren (5.4.5)
  - SwiftDate (6.1.0)
  - "UITextView+Placeholder (1.4.0)"

DEPENDENCIES:
  - Charts
  - EAIntroView
  - FontAwesome.swift
  - Instructions
  - PKHUD
  - RealmSwift
  - Siren
  - SwiftDate
  - "UITextView+Placeholder"

SPEC REPOS:
  trunk:
    - Charts
    - EAIntroView
    - EARestrictedScrollView
    - FontAwesome.swift
    - Instructions
    - PKHUD
    - Realm
    - RealmSwift
    - Siren
    - SwiftDate
    - "UITextView+Placeholder"

SPEC CHECKSUMS:
  Charts: 40a08591df1f8ad5c223ddedfb1a06da92f24f7c
  EAIntroView: 249559079ddfdbe80e5bcb755c04c3b964b2ac27
  EARestrictedScrollView: b0c2a3f92fb2610bb44d71c5e4893777c89e45ef
  FontAwesome.swift: a403b88cec950511745ba8f2decd1b6a07346d13
  Instructions: debf9cedeaf8d095108fd35d2c54b97ccf769e65
  PKHUD: 98f3e4bc904b9c916f1c5bb6d765365b5357291b
  Realm: 2b52fcc86fc0ed3d75a56ac0eb1e73c4f1a60e16
  RealmSwift: a6ea2ea561039fc3833c08dec81371a9a3bb5ca6
  Siren: 4c6f4863ea5b7f2d0e58b576663fefd8f6ef417f
  SwiftDate: fa2bb3962056bb44047b4b85a30044e5eae30b03
  "UITextView+Placeholder": d7b0c400921f66523f3a85d74f774512e14f6502

PODFILE CHECKSUM: eee425c63fa3073f7b8a89831bc533ded4cbd8a4

COCOAPODS: 1.9.3
