PODS:
  - Charts (3.5.0):
    - Charts/Core (= 3.5.0)
  - Charts/Core (3.5.0)
  - FontAwesome.swift (1.9.0)
  - PKHUD (5.3.0)
  - Realm (5.3.5):
    - Realm/Headers (= 5.3.5)
  - Realm/Headers (5.3.5)
  - RealmSwift (5.3.5):
    - Realm (= 5.3.5)
  - SwiftDate (6.1.0)
  - "UITextView+Placeholder (1.4.0)"

DEPENDENCIES:
  - Charts
  - FontAwesome.swift
  - PKHUD
  - RealmSwift
  - SwiftDate
  - "UITextView+Placeholder"

SPEC REPOS:
  trunk:
    - Charts
    - FontAwesome.swift
    - PKHUD
    - Realm
    - RealmSwift
    - SwiftDate
    - "UITextView+Placeholder"

SPEC CHECKSUMS:
  Charts: 40a08591df1f8ad5c223ddedfb1a06da92f24f7c
  FontAwesome.swift: a403b88cec950511745ba8f2decd1b6a07346d13
  PKHUD: 98f3e4bc904b9c916f1c5bb6d765365b5357291b
  Realm: 2b52fcc86fc0ed3d75a56ac0eb1e73c4f1a60e16
  RealmSwift: a6ea2ea561039fc3833c08dec81371a9a3bb5ca6
  SwiftDate: fa2bb3962056bb44047b4b85a30044e5eae30b03
  "UITextView+Placeholder": d7b0c400921f66523f3a85d74f774512e14f6502

PODFILE CHECKSUM: 0854b583097323de39c5a60121eb073a3c43f36c

COCOAPODS: 1.9.3
