// !$*UTF8*$!
{
	archiveVersion = 1;
	classes = {
	};
	objectVersion = 52;
	objects = {

/* Begin PBXBuildFile section */
		2DCAFC51BD627D96A0A062A9 /* Pods_ZhangBu_original.framework in Frameworks */ = {isa = PBXBuildFile; fileRef = 29DE3EC631931B83B8407218 /* Pods_ZhangBu_original.framework */; };
		4A918FFD24EF9F7200B1CA1B /* NFCReader in Frameworks */ = {isa = PBXBuildFile; productRef = 4A918FFC24EF9F7200B1CA1B /* NFCReader */; };
		4A918FFF24EFA0A200B1CA1B /* Charts.framework in Frameworks */ = {isa = PBXBuildFile; fileRef = 4A918FFE24EFA0A200B1CA1B /* Charts.framework */; };
		4A91900024EFA0A200B1CA1B /* Charts.framework in Embed Frameworks */ = {isa = PBXBuildFile; fileRef = 4A918FFE24EFA0A200B1CA1B /* Charts.framework */; settings = {ATTRIBUTES = (CodeSignOnCopy, RemoveHeadersOnCopy, ); }; };
		4A91900324EFA38800B1CA1B /* Realm.framework in Frameworks */ = {isa = PBXBuildFile; fileRef = 4A91900124EFA38800B1CA1B /* Realm.framework */; };
		4A91900424EFA38800B1CA1B /* Realm.framework in Embed Frameworks */ = {isa = PBXBuildFile; fileRef = 4A91900124EFA38800B1CA1B /* Realm.framework */; settings = {ATTRIBUTES = (CodeSignOnCopy, RemoveHeadersOnCopy, ); }; };
		4A91900524EFA38800B1CA1B /* RealmSwift.framework in Frameworks */ = {isa = PBXBuildFile; fileRef = 4A91900224EFA38800B1CA1B /* RealmSwift.framework */; };
		4A91900624EFA38800B1CA1B /* RealmSwift.framework in Embed Frameworks */ = {isa = PBXBuildFile; fileRef = 4A91900224EFA38800B1CA1B /* RealmSwift.framework */; settings = {ATTRIBUTES = (CodeSignOnCopy, RemoveHeadersOnCopy, ); }; };
		4A91900824F152F800B1CA1B /* UserDefault.swift in Sources */ = {isa = PBXBuildFile; fileRef = 4A91900724F152F800B1CA1B /* UserDefault.swift */; };
		4AB55A5B24F4E0CD009173B5 /* cordFont5.otf in Resources */ = {isa = PBXBuildFile; fileRef = 4AB55A5A24F4E0CD009173B5 /* cordFont5.otf */; };
		4AB55A5D24F4FFA4009173B5 /* AddAccountViewController.swift in Sources */ = {isa = PBXBuildFile; fileRef = 4AB55A5C24F4FFA4009173B5 /* AddAccountViewController.swift */; };
		4AB55A6024F95C55009173B5 /* CheckMoneyViewController.swift in Sources */ = {isa = PBXBuildFile; fileRef = 4AB55A5F24F95C55009173B5 /* CheckMoneyViewController.swift */; };
		4AB55A6324FA00B6009173B5 /* Passcode.storyboard in Resources */ = {isa = PBXBuildFile; fileRef = 4AB55A6224FA00B6009173B5 /* Passcode.storyboard */; };
		4AB55A6924FA015B009173B5 /* InputPasscodeKeyboardView.swift in Sources */ = {isa = PBXBuildFile; fileRef = 4AB55A6724FA015A009173B5 /* InputPasscodeKeyboardView.swift */; };
		4AB55A6A24FA015B009173B5 /* InputPasscodeKeyboardView.xib in Resources */ = {isa = PBXBuildFile; fileRef = 4AB55A6824FA015B009173B5 /* InputPasscodeKeyboardView.xib */; };
		4AB55A6C24FA01B7009173B5 /* PasscodeViewController.swift in Sources */ = {isa = PBXBuildFile; fileRef = 4AB55A6B24FA01B7009173B5 /* PasscodeViewController.swift */; };
		4AB55A7024FA01CE009173B5 /* InputPasscodeDisplayView.xib in Resources */ = {isa = PBXBuildFile; fileRef = 4AB55A6E24FA01CE009173B5 /* InputPasscodeDisplayView.xib */; };
		4AB55A7124FA01CE009173B5 /* InputPasscodeDisplayView.swift in Sources */ = {isa = PBXBuildFile; fileRef = 4AB55A6F24FA01CE009173B5 /* InputPasscodeDisplayView.swift */; };
		4AB55A7324FA030F009173B5 /* CustomViewBase.swift in Sources */ = {isa = PBXBuildFile; fileRef = 4AB55A7224FA030F009173B5 /* CustomViewBase.swift */; };
		4AB55A7E24FA08F8009173B5 /* TabBarItemType.swift in Sources */ = {isa = PBXBuildFile; fileRef = 4AB55A7A24FA08F7009173B5 /* TabBarItemType.swift */; };
		4AB55A8124FA08F8009173B5 /* InputPasscodeType.swift in Sources */ = {isa = PBXBuildFile; fileRef = 4AB55A7D24FA08F7009173B5 /* InputPasscodeType.swift */; };
		4AB55A8424FA09F9009173B5 /* PasscodePresenter.swift in Sources */ = {isa = PBXBuildFile; fileRef = 4AB55A8324FA09F9009173B5 /* PasscodePresenter.swift */; };
		4AB55A8724FA0A55009173B5 /* PasscodeModel.swift in Sources */ = {isa = PBXBuildFile; fileRef = 4AB55A8624FA0A55009173B5 /* PasscodeModel.swift */; };
		4AB55A8F24FA16EE009173B5 /* UIColorExtension.swift in Sources */ = {isa = PBXBuildFile; fileRef = 4AB55A8A24FA16EE009173B5 /* UIColorExtension.swift */; };
		4AB55A9024FA16EE009173B5 /* UIViewControllerExtension.swift in Sources */ = {isa = PBXBuildFile; fileRef = 4AB55A8B24FA16EE009173B5 /* UIViewControllerExtension.swift */; };
		4AB55A9224FA16EE009173B5 /* StringExtension.swift in Sources */ = {isa = PBXBuildFile; fileRef = 4AB55A8D24FA16EE009173B5 /* StringExtension.swift */; };
		4AB55A9324FA16EE009173B5 /* NSObjectProtocolExtension.swift in Sources */ = {isa = PBXBuildFile; fileRef = 4AB55A8E24FA16EE009173B5 /* NSObjectProtocolExtension.swift */; };
		4AB55A9924FA1860009173B5 /* AppConstant.swift in Sources */ = {isa = PBXBuildFile; fileRef = 4AB55A9724FA1860009173B5 /* AppConstant.swift */; };
		4AB55A9A24FA1860009173B5 /* LocalAuthenticationManager.swift in Sources */ = {isa = PBXBuildFile; fileRef = 4AB55A9824FA1860009173B5 /* LocalAuthenticationManager.swift */; };
		4AB55A9C24FA18DA009173B5 /* LocalAuthenticationType.swift in Sources */ = {isa = PBXBuildFile; fileRef = 4AB55A9B24FA18DA009173B5 /* LocalAuthenticationType.swift */; };
		4AB55A9E24FA18F8009173B5 /* CryptAlgorithm.swift in Sources */ = {isa = PBXBuildFile; fileRef = 4AB55A9D24FA18F8009173B5 /* CryptAlgorithm.swift */; };
		4AB55AAC24FA4118009173B5 /* Default-568h@2x.png in Resources */ = {isa = PBXBuildFile; fileRef = 4AB55AAB24FA4117009173B5 /* Default-568h@2x.png */; };
		4AB55AB024FA4A59009173B5 /* SettingViewController.swift in Sources */ = {isa = PBXBuildFile; fileRef = 4AB55AAF24FA4A59009173B5 /* SettingViewController.swift */; };
		4AB55AB424FC9C48009173B5 /* GoogleService-Info.plist in Resources */ = {isa = PBXBuildFile; fileRef = 4AB55AB324FC9C47009173B5 /* GoogleService-Info.plist */; };
		4AB55B7B2500673B009173B5 /* CategoryStatisticsViewController.swift in Sources */ = {isa = PBXBuildFile; fileRef = 4AB55B7A2500673A009173B5 /* CategoryStatisticsViewController.swift */; };
		4AB55BBC25008385009173B5 /* iTunesArtwork@1x.png in Resources */ = {isa = PBXBuildFile; fileRef = 4AB55BA725008384009173B5 /* iTunesArtwork@1x.png */; };
		4AB55BBD25008385009173B5 /* Icon-App-76x76@2x.png in Resources */ = {isa = PBXBuildFile; fileRef = 4AB55BA925008384009173B5 /* Icon-App-76x76@2x.png */; };
		4AB55BBE25008385009173B5 /* Icon-App-29x29@1x.png in Resources */ = {isa = PBXBuildFile; fileRef = 4AB55BAA25008384009173B5 /* Icon-App-29x29@1x.png */; };
		4AB55BBF25008385009173B5 /* Icon-App-40x40@1x.png in Resources */ = {isa = PBXBuildFile; fileRef = 4AB55BAB25008384009173B5 /* Icon-App-40x40@1x.png */; };
		4AB55BC025008385009173B5 /* Icon-App-20x20@1x.png in Resources */ = {isa = PBXBuildFile; fileRef = 4AB55BAC25008384009173B5 /* Icon-App-20x20@1x.png */; };
		4AB55BC125008385009173B5 /* Icon-App-83.5x83.5@2x.png in Resources */ = {isa = PBXBuildFile; fileRef = 4AB55BAD25008384009173B5 /* Icon-App-83.5x83.5@2x.png */; };
		4AB55BC225008385009173B5 /* Icon-App-20x20@3x.png in Resources */ = {isa = PBXBuildFile; fileRef = 4AB55BAE25008384009173B5 /* Icon-App-20x20@3x.png */; };
		4AB55BC325008385009173B5 /* ItunesArtwork@2x.png in Resources */ = {isa = PBXBuildFile; fileRef = 4AB55BAF25008384009173B5 /* ItunesArtwork@2x.png */; };
		4AB55BC425008385009173B5 /* Contents.json in Resources */ = {isa = PBXBuildFile; fileRef = 4AB55BB025008384009173B5 /* Contents.json */; };
		4AB55BC525008385009173B5 /* Icon-App-20x20@2x.png in Resources */ = {isa = PBXBuildFile; fileRef = 4AB55BB125008384009173B5 /* Icon-App-20x20@2x.png */; };
		4AB55BC625008385009173B5 /* Icon-App-29x29@3x.png in Resources */ = {isa = PBXBuildFile; fileRef = 4AB55BB225008384009173B5 /* Icon-App-29x29@3x.png */; };
		4AB55BC725008385009173B5 /* Icon-App-40x40@2x.png in Resources */ = {isa = PBXBuildFile; fileRef = 4AB55BB325008384009173B5 /* Icon-App-40x40@2x.png */; };
		4AB55BC825008385009173B5 /* Icon-App-60x60@3x.png in Resources */ = {isa = PBXBuildFile; fileRef = 4AB55BB425008385009173B5 /* Icon-App-60x60@3x.png */; };
		4AB55BC925008385009173B5 /* Icon-App-60x60@2x.png in Resources */ = {isa = PBXBuildFile; fileRef = 4AB55BB525008385009173B5 /* Icon-App-60x60@2x.png */; };
		4AB55BCA25008385009173B5 /* Icon-App-76x76@1x.png in Resources */ = {isa = PBXBuildFile; fileRef = 4AB55BB625008385009173B5 /* Icon-App-76x76@1x.png */; };
		4AB55BCB25008385009173B5 /* Icon-App-40x40@3x.png in Resources */ = {isa = PBXBuildFile; fileRef = 4AB55BB725008385009173B5 /* Icon-App-40x40@3x.png */; };
		4AB55BCC25008385009173B5 /* Icon-App-29x29@2x.png in Resources */ = {isa = PBXBuildFile; fileRef = 4AB55BB825008385009173B5 /* Icon-App-29x29@2x.png */; };
		4AB55BCD25008385009173B5 /* README.md in Resources */ = {isa = PBXBuildFile; fileRef = 4AB55BB925008385009173B5 /* README.md */; };
		4AB55BCE25008385009173B5 /* iTunesArtwork@2x.png in Resources */ = {isa = PBXBuildFile; fileRef = 4AB55BBA25008385009173B5 /* iTunesArtwork@2x.png */; };
		4AB55BCF25008385009173B5 /* iTunesArtwork@3x.png in Resources */ = {isa = PBXBuildFile; fileRef = 4AB55BBB25008385009173B5 /* iTunesArtwork@3x.png */; };
		4AB55BD125022976009173B5 /* RootVC.swift in Sources */ = {isa = PBXBuildFile; fileRef = 4AB55BD025022976009173B5 /* RootVC.swift */; };
		4AB55BD325022F35009173B5 /* SplashVC.swift in Sources */ = {isa = PBXBuildFile; fileRef = 4AB55BD225022F35009173B5 /* SplashVC.swift */; };
		4AB55BD52503D5A4009173B5 /* Account.swift in Sources */ = {isa = PBXBuildFile; fileRef = 4AB55BD42503D5A1009173B5 /* Account.swift */; };
		4AB55BD72503D5E6009173B5 /* CategoryList.swift in Sources */ = {isa = PBXBuildFile; fileRef = 4AB55BD62503D5E6009173B5 /* CategoryList.swift */; };
		4AB55BD92504A5BF009173B5 /* WalkThroughVC.swift in Sources */ = {isa = PBXBuildFile; fileRef = 4AB55BD82504A5BF009173B5 /* WalkThroughVC.swift */; };
		4AB55BDB2504ACC2009173B5 /* BackGround.jpeg in Resources */ = {isa = PBXBuildFile; fileRef = 4AB55BDA2504ACC1009173B5 /* BackGround.jpeg */; };
		4AB55BDD2504B073009173B5 /* UIImageExtension.swift in Sources */ = {isa = PBXBuildFile; fileRef = 4AB55BDC2504B073009173B5 /* UIImageExtension.swift */; };
		4AB55BDF2504B601009173B5 /* えり字.otf in Resources */ = {isa = PBXBuildFile; fileRef = 4AB55BDE2504B600009173B5 /* えり字.otf */; };
		4AC8905D24DE5D0800A4948A /* AppDelegate.swift in Sources */ = {isa = PBXBuildFile; fileRef = 4AC8905C24DE5D0800A4948A /* AppDelegate.swift */; };
		4AC8905F24DE5D0800A4948A /* SceneDelegate.swift in Sources */ = {isa = PBXBuildFile; fileRef = 4AC8905E24DE5D0800A4948A /* SceneDelegate.swift */; };
		4AC8906624DE5D0A00A4948A /* Assets.xcassets in Resources */ = {isa = PBXBuildFile; fileRef = 4AC8906524DE5D0A00A4948A /* Assets.xcassets */; };
		4AC8906924DE5D0A00A4948A /* LaunchScreen.storyboard in Resources */ = {isa = PBXBuildFile; fileRef = 4AC8906724DE5D0A00A4948A /* LaunchScreen.storyboard */; };
		4AC8907724DFFD3100A4948A /* Main.storyboard in Resources */ = {isa = PBXBuildFile; fileRef = 4AC8907624DFFD3100A4948A /* Main.storyboard */; };
		4AC8908124E2309200A4948A /* PLViewController.swift in Sources */ = {isa = PBXBuildFile; fileRef = 4AC8908024E2309200A4948A /* PLViewController.swift */; };
		4AC8908324E261DE00A4948A /* AddPaymentViewController.swift in Sources */ = {isa = PBXBuildFile; fileRef = 4AC8908224E261DE00A4948A /* AddPaymentViewController.swift */; };
		4AC8908724E52BD500A4948A /* EditMemoViewController.swift in Sources */ = {isa = PBXBuildFile; fileRef = 4AC8908624E52BD500A4948A /* EditMemoViewController.swift */; };
		4AC8909124E63B8200A4948A /* pickerTextField.swift in Sources */ = {isa = PBXBuildFile; fileRef = 4AC8909024E63B8200A4948A /* pickerTextField.swift */; };
		4AC890A224E7C4B000A4948A /* Payment.swift in Sources */ = {isa = PBXBuildFile; fileRef = 4AC890A124E7C4B000A4948A /* Payment.swift */; };
		4AC890A624EA441700A4948A /* EditMemoOfPLDViewController.swift in Sources */ = {isa = PBXBuildFile; fileRef = 4AC890A524EA441700A4948A /* EditMemoOfPLDViewController.swift */; };
		4AC890A824EB9FC100A4948A /* PickerViewKeyboard.swift in Sources */ = {isa = PBXBuildFile; fileRef = 4AC890A724EB9FC100A4948A /* PickerViewKeyboard.swift */; };
		4AC890AC24ED1B0E00A4948A /* AddCategoryViewController.swift in Sources */ = {isa = PBXBuildFile; fileRef = 4AC890AB24ED1B0E00A4948A /* AddCategoryViewController.swift */; };
		4AC890AF24EDF6B300A4948A /* SettingMainViewController.swift in Sources */ = {isa = PBXBuildFile; fileRef = 4AC890AE24EDF6B200A4948A /* SettingMainViewController.swift */; };
		4AC890B124EDF9E000A4948A /* IndividualSettingViewController.swift in Sources */ = {isa = PBXBuildFile; fileRef = 4AC890B024EDF9E000A4948A /* IndividualSettingViewController.swift */; };
		7682EB7524E8F9DB00304D77 /* PLDetailViewController.swift in Sources */ = {isa = PBXBuildFile; fileRef = 7682EB7424E8F9DB00304D77 /* PLDetailViewController.swift */; };
/* End PBXBuildFile section */

/* Begin PBXCopyFilesBuildPhase section */
		4A918FE624EF69B800B1CA1B /* Embed Frameworks */ = {
			isa = PBXCopyFilesBuildPhase;
			buildActionMask = 8;
			dstPath = "";
			dstSubfolderSpec = 10;
			files = (
				4A91900424EFA38800B1CA1B /* Realm.framework in Embed Frameworks */,
				4A91900624EFA38800B1CA1B /* RealmSwift.framework in Embed Frameworks */,
				4A91900024EFA0A200B1CA1B /* Charts.framework in Embed Frameworks */,
			);
			name = "Embed Frameworks";
			runOnlyForDeploymentPostprocessing = 1;
		};
		4A918FF224EF69E900B1CA1B /* Embed PlugIns */ = {
			isa = PBXCopyFilesBuildPhase;
			buildActionMask = 2147483647;
			dstPath = "";
			dstSubfolderSpec = 13;
			files = (
			);
			name = "Embed PlugIns";
			runOnlyForDeploymentPostprocessing = 0;
		};
/* End PBXCopyFilesBuildPhase section */

/* Begin PBXFileReference section */
		16B91DFF6C1E212AD4D8BB6D /* Pods-ZhangBu_original.debug.xcconfig */ = {isa = PBXFileReference; includeInIndex = 1; lastKnownFileType = text.xcconfig; name = "Pods-ZhangBu_original.debug.xcconfig"; path = "Target Support Files/Pods-ZhangBu_original/Pods-ZhangBu_original.debug.xcconfig"; sourceTree = "<group>"; };
		29DE3EC631931B83B8407218 /* Pods_ZhangBu_original.framework */ = {isa = PBXFileReference; explicitFileType = wrapper.framework; includeInIndex = 0; path = Pods_ZhangBu_original.framework; sourceTree = BUILT_PRODUCTS_DIR; };
		2CAB79A3E446FADF19957A41 /* Pods-ZhangBu_original.release.xcconfig */ = {isa = PBXFileReference; includeInIndex = 1; lastKnownFileType = text.xcconfig; name = "Pods-ZhangBu_original.release.xcconfig"; path = "Target Support Files/Pods-ZhangBu_original/Pods-ZhangBu_original.release.xcconfig"; sourceTree = "<group>"; };
		4A918FFE24EFA0A200B1CA1B /* Charts.framework */ = {isa = PBXFileReference; explicitFileType = wrapper.framework; path = Charts.framework; sourceTree = BUILT_PRODUCTS_DIR; };
		4A91900124EFA38800B1CA1B /* Realm.framework */ = {isa = PBXFileReference; explicitFileType = wrapper.framework; path = Realm.framework; sourceTree = BUILT_PRODUCTS_DIR; };
		4A91900224EFA38800B1CA1B /* RealmSwift.framework */ = {isa = PBXFileReference; explicitFileType = wrapper.framework; path = RealmSwift.framework; sourceTree = BUILT_PRODUCTS_DIR; };
		4A91900724F152F800B1CA1B /* UserDefault.swift */ = {isa = PBXFileReference; lastKnownFileType = sourcecode.swift; path = UserDefault.swift; sourceTree = "<group>"; };
		4AB55A5A24F4E0CD009173B5 /* cordFont5.otf */ = {isa = PBXFileReference; lastKnownFileType = file; path = cordFont5.otf; sourceTree = "<group>"; };
		4AB55A5C24F4FFA4009173B5 /* AddAccountViewController.swift */ = {isa = PBXFileReference; lastKnownFileType = sourcecode.swift; path = AddAccountViewController.swift; sourceTree = "<group>"; };
		4AB55A5F24F95C55009173B5 /* CheckMoneyViewController.swift */ = {isa = PBXFileReference; lastKnownFileType = sourcecode.swift; path = CheckMoneyViewController.swift; sourceTree = "<group>"; };
		4AB55A6224FA00B6009173B5 /* Passcode.storyboard */ = {isa = PBXFileReference; fileEncoding = 4; lastKnownFileType = file.storyboard; path = Passcode.storyboard; sourceTree = "<group>"; };
		4AB55A6724FA015A009173B5 /* InputPasscodeKeyboardView.swift */ = {isa = PBXFileReference; fileEncoding = 4; lastKnownFileType = sourcecode.swift; path = InputPasscodeKeyboardView.swift; sourceTree = "<group>"; };
		4AB55A6824FA015B009173B5 /* InputPasscodeKeyboardView.xib */ = {isa = PBXFileReference; fileEncoding = 4; lastKnownFileType = file.xib; path = InputPasscodeKeyboardView.xib; sourceTree = "<group>"; };
		4AB55A6B24FA01B7009173B5 /* PasscodeViewController.swift */ = {isa = PBXFileReference; fileEncoding = 4; lastKnownFileType = sourcecode.swift; path = PasscodeViewController.swift; sourceTree = "<group>"; };
		4AB55A6E24FA01CE009173B5 /* InputPasscodeDisplayView.xib */ = {isa = PBXFileReference; fileEncoding = 4; lastKnownFileType = file.xib; path = InputPasscodeDisplayView.xib; sourceTree = "<group>"; };
		4AB55A6F24FA01CE009173B5 /* InputPasscodeDisplayView.swift */ = {isa = PBXFileReference; fileEncoding = 4; lastKnownFileType = sourcecode.swift; path = InputPasscodeDisplayView.swift; sourceTree = "<group>"; };
		4AB55A7224FA030F009173B5 /* CustomViewBase.swift */ = {isa = PBXFileReference; fileEncoding = 4; lastKnownFileType = sourcecode.swift; path = CustomViewBase.swift; sourceTree = "<group>"; };
		4AB55A7A24FA08F7009173B5 /* TabBarItemType.swift */ = {isa = PBXFileReference; fileEncoding = 4; lastKnownFileType = sourcecode.swift; path = TabBarItemType.swift; sourceTree = "<group>"; };
		4AB55A7D24FA08F7009173B5 /* InputPasscodeType.swift */ = {isa = PBXFileReference; fileEncoding = 4; lastKnownFileType = sourcecode.swift; path = InputPasscodeType.swift; sourceTree = "<group>"; };
		4AB55A8324FA09F9009173B5 /* PasscodePresenter.swift */ = {isa = PBXFileReference; fileEncoding = 4; lastKnownFileType = sourcecode.swift; path = PasscodePresenter.swift; sourceTree = "<group>"; };
		4AB55A8624FA0A55009173B5 /* PasscodeModel.swift */ = {isa = PBXFileReference; fileEncoding = 4; lastKnownFileType = sourcecode.swift; path = PasscodeModel.swift; sourceTree = "<group>"; };
		4AB55A8A24FA16EE009173B5 /* UIColorExtension.swift */ = {isa = PBXFileReference; fileEncoding = 4; lastKnownFileType = sourcecode.swift; path = UIColorExtension.swift; sourceTree = "<group>"; };
		4AB55A8B24FA16EE009173B5 /* UIViewControllerExtension.swift */ = {isa = PBXFileReference; fileEncoding = 4; lastKnownFileType = sourcecode.swift; path = UIViewControllerExtension.swift; sourceTree = "<group>"; };
		4AB55A8D24FA16EE009173B5 /* StringExtension.swift */ = {isa = PBXFileReference; fileEncoding = 4; lastKnownFileType = sourcecode.swift; path = StringExtension.swift; sourceTree = "<group>"; };
		4AB55A8E24FA16EE009173B5 /* NSObjectProtocolExtension.swift */ = {isa = PBXFileReference; fileEncoding = 4; lastKnownFileType = sourcecode.swift; path = NSObjectProtocolExtension.swift; sourceTree = "<group>"; };
		4AB55A9724FA1860009173B5 /* AppConstant.swift */ = {isa = PBXFileReference; fileEncoding = 4; lastKnownFileType = sourcecode.swift; path = AppConstant.swift; sourceTree = "<group>"; };
		4AB55A9824FA1860009173B5 /* LocalAuthenticationManager.swift */ = {isa = PBXFileReference; fileEncoding = 4; lastKnownFileType = sourcecode.swift; path = LocalAuthenticationManager.swift; sourceTree = "<group>"; };
		4AB55A9B24FA18DA009173B5 /* LocalAuthenticationType.swift */ = {isa = PBXFileReference; fileEncoding = 4; lastKnownFileType = sourcecode.swift; path = LocalAuthenticationType.swift; sourceTree = "<group>"; };
		4AB55A9D24FA18F8009173B5 /* CryptAlgorithm.swift */ = {isa = PBXFileReference; fileEncoding = 4; lastKnownFileType = sourcecode.swift; path = CryptAlgorithm.swift; sourceTree = "<group>"; };
		4AB55A9F24FA199E009173B5 /* FontAwesome_swift.framework */ = {isa = PBXFileReference; lastKnownFileType = wrapper.framework; path = FontAwesome_swift.framework; sourceTree = "<group>"; };
		4AB55AA424FA3588009173B5 /* Info.plist */ = {isa = PBXFileReference; fileEncoding = 4; lastKnownFileType = text.plist.xml; path = Info.plist; sourceTree = "<group>"; };
		4AB55AAA24FA405C009173B5 /* TouchIDExample-Bridging-Header.h */ = {isa = PBXFileReference; fileEncoding = 4; lastKnownFileType = sourcecode.c.h; path = "TouchIDExample-Bridging-Header.h"; sourceTree = "<group>"; };
		4AB55AAB24FA4117009173B5 /* Default-568h@2x.png */ = {isa = PBXFileReference; lastKnownFileType = image.png; path = "Default-568h@2x.png"; sourceTree = "<group>"; };
		4AB55AAF24FA4A59009173B5 /* SettingViewController.swift */ = {isa = PBXFileReference; fileEncoding = 4; lastKnownFileType = sourcecode.swift; path = SettingViewController.swift; sourceTree = "<group>"; };
		4AB55AB324FC9C47009173B5 /* GoogleService-Info.plist */ = {isa = PBXFileReference; fileEncoding = 4; lastKnownFileType = text.plist.xml; path = "GoogleService-Info.plist"; sourceTree = "<group>"; };
		4AB55B7A2500673A009173B5 /* CategoryStatisticsViewController.swift */ = {isa = PBXFileReference; lastKnownFileType = sourcecode.swift; path = CategoryStatisticsViewController.swift; sourceTree = "<group>"; };
		4AB55BA725008384009173B5 /* iTunesArtwork@1x.png */ = {isa = PBXFileReference; lastKnownFileType = image.png; path = "iTunesArtwork@1x.png"; sourceTree = "<group>"; };
		4AB55BA925008384009173B5 /* Icon-App-76x76@2x.png */ = {isa = PBXFileReference; lastKnownFileType = image.png; path = "Icon-App-76x76@2x.png"; sourceTree = "<group>"; };
		4AB55BAA25008384009173B5 /* Icon-App-29x29@1x.png */ = {isa = PBXFileReference; lastKnownFileType = image.png; path = "Icon-App-29x29@1x.png"; sourceTree = "<group>"; };
		4AB55BAB25008384009173B5 /* Icon-App-40x40@1x.png */ = {isa = PBXFileReference; lastKnownFileType = image.png; path = "Icon-App-40x40@1x.png"; sourceTree = "<group>"; };
		4AB55BAC25008384009173B5 /* Icon-App-20x20@1x.png */ = {isa = PBXFileReference; lastKnownFileType = image.png; path = "Icon-App-20x20@1x.png"; sourceTree = "<group>"; };
		4AB55BAD25008384009173B5 /* Icon-App-83.5x83.5@2x.png */ = {isa = PBXFileReference; lastKnownFileType = image.png; path = "Icon-App-83.5x83.5@2x.png"; sourceTree = "<group>"; };
		4AB55BAE25008384009173B5 /* Icon-App-20x20@3x.png */ = {isa = PBXFileReference; lastKnownFileType = image.png; path = "Icon-App-20x20@3x.png"; sourceTree = "<group>"; };
		4AB55BAF25008384009173B5 /* ItunesArtwork@2x.png */ = {isa = PBXFileReference; lastKnownFileType = image.png; path = "ItunesArtwork@2x.png"; sourceTree = "<group>"; };
		4AB55BB025008384009173B5 /* Contents.json */ = {isa = PBXFileReference; fileEncoding = 4; lastKnownFileType = text.json; path = Contents.json; sourceTree = "<group>"; };
		4AB55BB125008384009173B5 /* Icon-App-20x20@2x.png */ = {isa = PBXFileReference; lastKnownFileType = image.png; path = "Icon-App-20x20@2x.png"; sourceTree = "<group>"; };
		4AB55BB225008384009173B5 /* Icon-App-29x29@3x.png */ = {isa = PBXFileReference; lastKnownFileType = image.png; path = "Icon-App-29x29@3x.png"; sourceTree = "<group>"; };
		4AB55BB325008384009173B5 /* Icon-App-40x40@2x.png */ = {isa = PBXFileReference; lastKnownFileType = image.png; path = "Icon-App-40x40@2x.png"; sourceTree = "<group>"; };
		4AB55BB425008385009173B5 /* Icon-App-60x60@3x.png */ = {isa = PBXFileReference; lastKnownFileType = image.png; path = "Icon-App-60x60@3x.png"; sourceTree = "<group>"; };
		4AB55BB525008385009173B5 /* Icon-App-60x60@2x.png */ = {isa = PBXFileReference; lastKnownFileType = image.png; path = "Icon-App-60x60@2x.png"; sourceTree = "<group>"; };
		4AB55BB625008385009173B5 /* Icon-App-76x76@1x.png */ = {isa = PBXFileReference; lastKnownFileType = image.png; path = "Icon-App-76x76@1x.png"; sourceTree = "<group>"; };
		4AB55BB725008385009173B5 /* Icon-App-40x40@3x.png */ = {isa = PBXFileReference; lastKnownFileType = image.png; path = "Icon-App-40x40@3x.png"; sourceTree = "<group>"; };
		4AB55BB825008385009173B5 /* Icon-App-29x29@2x.png */ = {isa = PBXFileReference; lastKnownFileType = image.png; path = "Icon-App-29x29@2x.png"; sourceTree = "<group>"; };
		4AB55BB925008385009173B5 /* README.md */ = {isa = PBXFileReference; fileEncoding = 4; lastKnownFileType = net.daringfireball.markdown; path = README.md; sourceTree = "<group>"; };
		4AB55BBA25008385009173B5 /* iTunesArtwork@2x.png */ = {isa = PBXFileReference; lastKnownFileType = image.png; path = "iTunesArtwork@2x.png"; sourceTree = "<group>"; };
		4AB55BBB25008385009173B5 /* iTunesArtwork@3x.png */ = {isa = PBXFileReference; lastKnownFileType = image.png; path = "iTunesArtwork@3x.png"; sourceTree = "<group>"; };
		4AB55BD025022976009173B5 /* RootVC.swift */ = {isa = PBXFileReference; lastKnownFileType = sourcecode.swift; path = RootVC.swift; sourceTree = "<group>"; };
		4AB55BD225022F35009173B5 /* SplashVC.swift */ = {isa = PBXFileReference; fileEncoding = 4; lastKnownFileType = sourcecode.swift; path = SplashVC.swift; sourceTree = "<group>"; };
		4AB55BD42503D5A1009173B5 /* Account.swift */ = {isa = PBXFileReference; lastKnownFileType = sourcecode.swift; path = Account.swift; sourceTree = "<group>"; };
		4AB55BD62503D5E6009173B5 /* CategoryList.swift */ = {isa = PBXFileReference; lastKnownFileType = sourcecode.swift; path = CategoryList.swift; sourceTree = "<group>"; };
		4AB55BD82504A5BF009173B5 /* WalkThroughVC.swift */ = {isa = PBXFileReference; lastKnownFileType = sourcecode.swift; path = WalkThroughVC.swift; sourceTree = "<group>"; };
		4AB55BDA2504ACC1009173B5 /* BackGround.jpeg */ = {isa = PBXFileReference; lastKnownFileType = image.jpeg; path = BackGround.jpeg; sourceTree = "<group>"; };
		4AB55BDC2504B073009173B5 /* UIImageExtension.swift */ = {isa = PBXFileReference; lastKnownFileType = sourcecode.swift; path = UIImageExtension.swift; sourceTree = "<group>"; };
		4AB55BDE2504B600009173B5 /* えり字.otf */ = {isa = PBXFileReference; lastKnownFileType = file; path = "えり字.otf"; sourceTree = "<group>"; };
		4AC8905924DE5D0800A4948A /* ZhangBu_original.app */ = {isa = PBXFileReference; explicitFileType = wrapper.application; includeInIndex = 0; path = ZhangBu_original.app; sourceTree = BUILT_PRODUCTS_DIR; };
		4AC8905C24DE5D0800A4948A /* AppDelegate.swift */ = {isa = PBXFileReference; lastKnownFileType = sourcecode.swift; path = AppDelegate.swift; sourceTree = "<group>"; };
		4AC8905E24DE5D0800A4948A /* SceneDelegate.swift */ = {isa = PBXFileReference; lastKnownFileType = sourcecode.swift; path = SceneDelegate.swift; sourceTree = "<group>"; };
		4AC8906524DE5D0A00A4948A /* Assets.xcassets */ = {isa = PBXFileReference; lastKnownFileType = folder.assetcatalog; path = Assets.xcassets; sourceTree = "<group>"; };
		4AC8906824DE5D0A00A4948A /* Base */ = {isa = PBXFileReference; lastKnownFileType = file.storyboard; name = Base; path = Base.lproj/LaunchScreen.storyboard; sourceTree = "<group>"; };
		4AC8907624DFFD3100A4948A /* Main.storyboard */ = {isa = PBXFileReference; lastKnownFileType = file.storyboard; path = Main.storyboard; sourceTree = "<group>"; };
		4AC8908024E2309200A4948A /* PLViewController.swift */ = {isa = PBXFileReference; lastKnownFileType = sourcecode.swift; path = PLViewController.swift; sourceTree = "<group>"; };
		4AC8908224E261DE00A4948A /* AddPaymentViewController.swift */ = {isa = PBXFileReference; lastKnownFileType = sourcecode.swift; path = AddPaymentViewController.swift; sourceTree = "<group>"; };
		4AC8908624E52BD500A4948A /* EditMemoViewController.swift */ = {isa = PBXFileReference; lastKnownFileType = sourcecode.swift; path = EditMemoViewController.swift; sourceTree = "<group>"; };
		4AC8909024E63B8200A4948A /* pickerTextField.swift */ = {isa = PBXFileReference; lastKnownFileType = sourcecode.swift; path = pickerTextField.swift; sourceTree = "<group>"; };
		4AC890A124E7C4B000A4948A /* Payment.swift */ = {isa = PBXFileReference; lastKnownFileType = sourcecode.swift; path = Payment.swift; sourceTree = "<group>"; };
		4AC890A524EA441700A4948A /* EditMemoOfPLDViewController.swift */ = {isa = PBXFileReference; lastKnownFileType = sourcecode.swift; path = EditMemoOfPLDViewController.swift; sourceTree = "<group>"; };
		4AC890A724EB9FC100A4948A /* PickerViewKeyboard.swift */ = {isa = PBXFileReference; lastKnownFileType = sourcecode.swift; path = PickerViewKeyboard.swift; sourceTree = "<group>"; };
		4AC890AB24ED1B0E00A4948A /* AddCategoryViewController.swift */ = {isa = PBXFileReference; lastKnownFileType = sourcecode.swift; path = AddCategoryViewController.swift; sourceTree = "<group>"; };
		4AC890AE24EDF6B200A4948A /* SettingMainViewController.swift */ = {isa = PBXFileReference; lastKnownFileType = sourcecode.swift; path = SettingMainViewController.swift; sourceTree = "<group>"; };
		4AC890B024EDF9E000A4948A /* IndividualSettingViewController.swift */ = {isa = PBXFileReference; lastKnownFileType = sourcecode.swift; path = IndividualSettingViewController.swift; sourceTree = "<group>"; };
		7682EB7424E8F9DB00304D77 /* PLDetailViewController.swift */ = {isa = PBXFileReference; lastKnownFileType = sourcecode.swift; path = PLDetailViewController.swift; sourceTree = "<group>"; };
/* End PBXFileReference section */

/* Begin PBXFrameworksBuildPhase section */
		4AC8905624DE5D0800A4948A /* Frameworks */ = {
			isa = PBXFrameworksBuildPhase;
			buildActionMask = 2147483647;
			files = (
				4A91900324EFA38800B1CA1B /* Realm.framework in Frameworks */,
				4A91900524EFA38800B1CA1B /* RealmSwift.framework in Frameworks */,
				4A918FFF24EFA0A200B1CA1B /* Charts.framework in Frameworks */,
				4A918FFD24EF9F7200B1CA1B /* NFCReader in Frameworks */,
				2DCAFC51BD627D96A0A062A9 /* Pods_ZhangBu_original.framework in Frameworks */,
			);
			runOnlyForDeploymentPostprocessing = 0;
		};
/* End PBXFrameworksBuildPhase section */

/* Begin PBXGroup section */
		4AB55A5E24F95BCC009173B5 /* Money */ = {
			isa = PBXGroup;
			children = (
				4AB55A5F24F95C55009173B5 /* CheckMoneyViewController.swift */,
			);
			path = Money;
			sourceTree = "<group>";
		};
		4AB55A6124FA0070009173B5 /* PassCodeView */ = {
			isa = PBXGroup;
			children = (
				4AB55A7224FA030F009173B5 /* CustomViewBase.swift */,
				4AB55A9624FA1860009173B5 /* Module */,
				4AB55A8524FA0A55009173B5 /* Model */,
				4AB55A8224FA09F9009173B5 /* Presenter */,
				4AB55A7924FA08F7009173B5 /* Enum */,
				4AB55AAF24FA4A59009173B5 /* SettingViewController.swift */,
				4AB55A6224FA00B6009173B5 /* Passcode.storyboard */,
				4AB55A6B24FA01B7009173B5 /* PasscodeViewController.swift */,
				4AB55A6D24FA01CE009173B5 /* InputPasscodeDisplayView */,
				4AB55A6624FA0150009173B5 /* InputPasscodeKeyboardView */,
			);
			path = PassCodeView;
			sourceTree = "<group>";
		};
		4AB55A6624FA0150009173B5 /* InputPasscodeKeyboardView */ = {
			isa = PBXGroup;
			children = (
				4AB55A6724FA015A009173B5 /* InputPasscodeKeyboardView.swift */,
				4AB55A6824FA015B009173B5 /* InputPasscodeKeyboardView.xib */,
			);
			path = InputPasscodeKeyboardView;
			sourceTree = "<group>";
		};
		4AB55A6D24FA01CE009173B5 /* InputPasscodeDisplayView */ = {
			isa = PBXGroup;
			children = (
				4AB55A6E24FA01CE009173B5 /* InputPasscodeDisplayView.xib */,
				4AB55A6F24FA01CE009173B5 /* InputPasscodeDisplayView.swift */,
			);
			path = InputPasscodeDisplayView;
			sourceTree = "<group>";
		};
		4AB55A7924FA08F7009173B5 /* Enum */ = {
			isa = PBXGroup;
			children = (
				4AB55A9D24FA18F8009173B5 /* CryptAlgorithm.swift */,
				4AB55A9B24FA18DA009173B5 /* LocalAuthenticationType.swift */,
				4AB55A7A24FA08F7009173B5 /* TabBarItemType.swift */,
				4AB55A7D24FA08F7009173B5 /* InputPasscodeType.swift */,
			);
			path = Enum;
			sourceTree = "<group>";
		};
		4AB55A8224FA09F9009173B5 /* Presenter */ = {
			isa = PBXGroup;
			children = (
				4AB55A8324FA09F9009173B5 /* PasscodePresenter.swift */,
			);
			path = Presenter;
			sourceTree = "<group>";
		};
		4AB55A8524FA0A55009173B5 /* Model */ = {
			isa = PBXGroup;
			children = (
				4AB55A8624FA0A55009173B5 /* PasscodeModel.swift */,
			);
			path = Model;
			sourceTree = "<group>";
		};
		4AB55A8924FA16EE009173B5 /* Extension */ = {
			isa = PBXGroup;
			children = (
				4AB55A8A24FA16EE009173B5 /* UIColorExtension.swift */,
				4AB55BDC2504B073009173B5 /* UIImageExtension.swift */,
				4AB55A8B24FA16EE009173B5 /* UIViewControllerExtension.swift */,
				4AB55A8D24FA16EE009173B5 /* StringExtension.swift */,
				4AB55A8E24FA16EE009173B5 /* NSObjectProtocolExtension.swift */,
			);
			path = Extension;
			sourceTree = "<group>";
		};
		4AB55A9624FA1860009173B5 /* Module */ = {
			isa = PBXGroup;
			children = (
				4AB55A9724FA1860009173B5 /* AppConstant.swift */,
				4AB55A9824FA1860009173B5 /* LocalAuthenticationManager.swift */,
			);
			path = Module;
			sourceTree = "<group>";
		};
		4AB55AB524FE3089009173B5 /* Icons */ = {
			isa = PBXGroup;
			children = (
				4AB55BA625008384009173B5 /* ios */,
			);
			path = Icons;
			sourceTree = "<group>";
		};
		4AB55BA625008384009173B5 /* ios */ = {
			isa = PBXGroup;
			children = (
				4AB55BA725008384009173B5 /* iTunesArtwork@1x.png */,
				4AB55BA825008384009173B5 /* AppIcon.appiconset */,
				4AB55BB925008385009173B5 /* README.md */,
				4AB55BBA25008385009173B5 /* iTunesArtwork@2x.png */,
				4AB55BBB25008385009173B5 /* iTunesArtwork@3x.png */,
			);
			path = ios;
			sourceTree = "<group>";
		};
		4AB55BA825008384009173B5 /* AppIcon.appiconset */ = {
			isa = PBXGroup;
			children = (
				4AB55BA925008384009173B5 /* Icon-App-76x76@2x.png */,
				4AB55BAA25008384009173B5 /* Icon-App-29x29@1x.png */,
				4AB55BAB25008384009173B5 /* Icon-App-40x40@1x.png */,
				4AB55BAC25008384009173B5 /* Icon-App-20x20@1x.png */,
				4AB55BAD25008384009173B5 /* Icon-App-83.5x83.5@2x.png */,
				4AB55BAE25008384009173B5 /* Icon-App-20x20@3x.png */,
				4AB55BAF25008384009173B5 /* ItunesArtwork@2x.png */,
				4AB55BB025008384009173B5 /* Contents.json */,
				4AB55BB125008384009173B5 /* Icon-App-20x20@2x.png */,
				4AB55BB225008384009173B5 /* Icon-App-29x29@3x.png */,
				4AB55BB325008384009173B5 /* Icon-App-40x40@2x.png */,
				4AB55BB425008385009173B5 /* Icon-App-60x60@3x.png */,
				4AB55BB525008385009173B5 /* Icon-App-60x60@2x.png */,
				4AB55BB625008385009173B5 /* Icon-App-76x76@1x.png */,
				4AB55BB725008385009173B5 /* Icon-App-40x40@3x.png */,
				4AB55BB825008385009173B5 /* Icon-App-29x29@2x.png */,
			);
			path = AppIcon.appiconset;
			sourceTree = "<group>";
		};
		4AC8905024DE5D0800A4948A = {
			isa = PBXGroup;
			children = (
				4AB55AAB24FA4117009173B5 /* Default-568h@2x.png */,
				4AC8905B24DE5D0800A4948A /* ZhangBu_original */,
				4AB55AA424FA3588009173B5 /* Info.plist */,
				4AB55AB324FC9C47009173B5 /* GoogleService-Info.plist */,
				4AB55AB524FE3089009173B5 /* Icons */,
				4AC8905A24DE5D0800A4948A /* Products */,
				9F8B6AAACF9422B600235CEA /* Pods */,
				B625F50F7A8B7F88C30DAD8D /* Frameworks */,
			);
			sourceTree = "<group>";
		};
		4AC8905A24DE5D0800A4948A /* Products */ = {
			isa = PBXGroup;
			children = (
				4AC8905924DE5D0800A4948A /* ZhangBu_original.app */,
			);
			name = Products;
			sourceTree = "<group>";
		};
		4AC8905B24DE5D0800A4948A /* ZhangBu_original */ = {
			isa = PBXGroup;
			children = (
				4AB55A8924FA16EE009173B5 /* Extension */,
				4AC8905C24DE5D0800A4948A /* AppDelegate.swift */,
				4AB55AAA24FA405C009173B5 /* TouchIDExample-Bridging-Header.h */,
				4AB55A5A24F4E0CD009173B5 /* cordFont5.otf */,
				4AB55BDE2504B600009173B5 /* えり字.otf */,
				4AC8905E24DE5D0800A4948A /* SceneDelegate.swift */,
				4AC890A124E7C4B000A4948A /* Payment.swift */,
				4AB55BD42503D5A1009173B5 /* Account.swift */,
				4AB55BD62503D5E6009173B5 /* CategoryList.swift */,
				4AC8909024E63B8200A4948A /* pickerTextField.swift */,
				4A91900724F152F800B1CA1B /* UserDefault.swift */,
				4AB55BD025022976009173B5 /* RootVC.swift */,
				4AC8907524DFFC7100A4948A /* FirstView */,
				4AC8907624DFFD3100A4948A /* Main.storyboard */,
				4AC8907824E2285C00A4948A /* MainView */,
				4AB55A6124FA0070009173B5 /* PassCodeView */,
				4AC8906524DE5D0A00A4948A /* Assets.xcassets */,
				4AC8906724DE5D0A00A4948A /* LaunchScreen.storyboard */,
			);
			path = ZhangBu_original;
			sourceTree = "<group>";
		};
		4AC8907524DFFC7100A4948A /* FirstView */ = {
			isa = PBXGroup;
			children = (
				4AB55BD225022F35009173B5 /* SplashVC.swift */,
				4AB55BD82504A5BF009173B5 /* WalkThroughVC.swift */,
				4AB55BDA2504ACC1009173B5 /* BackGround.jpeg */,
			);
			path = FirstView;
			sourceTree = "<group>";
		};
		4AC8907824E2285C00A4948A /* MainView */ = {
			isa = PBXGroup;
			children = (
				4AC890AB24ED1B0E00A4948A /* AddCategoryViewController.swift */,
				4AB55A5E24F95BCC009173B5 /* Money */,
				4AC890AD24EDF68500A4948A /* Setting */,
				4AC8908424E261ED00A4948A /* AddPayment */,
				4AC8907924E2287800A4948A /* ShowList */,
			);
			path = MainView;
			sourceTree = "<group>";
		};
		4AC8907924E2287800A4948A /* ShowList */ = {
			isa = PBXGroup;
			children = (
				4AC8908024E2309200A4948A /* PLViewController.swift */,
				4AB55B7A2500673A009173B5 /* CategoryStatisticsViewController.swift */,
				7682EB7424E8F9DB00304D77 /* PLDetailViewController.swift */,
				4AC890A524EA441700A4948A /* EditMemoOfPLDViewController.swift */,
				4AC890A724EB9FC100A4948A /* PickerViewKeyboard.swift */,
			);
			path = ShowList;
			sourceTree = "<group>";
		};
		4AC8908424E261ED00A4948A /* AddPayment */ = {
			isa = PBXGroup;
			children = (
				4AC8908224E261DE00A4948A /* AddPaymentViewController.swift */,
				4AC8908524E52BB100A4948A /* EditMemo */,
			);
			path = AddPayment;
			sourceTree = "<group>";
		};
		4AC8908524E52BB100A4948A /* EditMemo */ = {
			isa = PBXGroup;
			children = (
				4AC8908624E52BD500A4948A /* EditMemoViewController.swift */,
			);
			path = EditMemo;
			sourceTree = "<group>";
		};
		4AC890AD24EDF68500A4948A /* Setting */ = {
			isa = PBXGroup;
			children = (
				4AC890AE24EDF6B200A4948A /* SettingMainViewController.swift */,
				4AC890B024EDF9E000A4948A /* IndividualSettingViewController.swift */,
				4AB55A5C24F4FFA4009173B5 /* AddAccountViewController.swift */,
			);
			path = Setting;
			sourceTree = "<group>";
		};
		9F8B6AAACF9422B600235CEA /* Pods */ = {
			isa = PBXGroup;
			children = (
				16B91DFF6C1E212AD4D8BB6D /* Pods-ZhangBu_original.debug.xcconfig */,
				2CAB79A3E446FADF19957A41 /* Pods-ZhangBu_original.release.xcconfig */,
			);
			path = Pods;
			sourceTree = "<group>";
		};
		B625F50F7A8B7F88C30DAD8D /* Frameworks */ = {
			isa = PBXGroup;
			children = (
				4AB55A9F24FA199E009173B5 /* FontAwesome_swift.framework */,
				4A91900124EFA38800B1CA1B /* Realm.framework */,
				4A91900224EFA38800B1CA1B /* RealmSwift.framework */,
				4A918FFE24EFA0A200B1CA1B /* Charts.framework */,
				29DE3EC631931B83B8407218 /* Pods_ZhangBu_original.framework */,
			);
			name = Frameworks;
			sourceTree = "<group>";
		};
/* End PBXGroup section */

/* Begin PBXNativeTarget section */
		4AC8905824DE5D0800A4948A /* ZhangBu_original */ = {
			isa = PBXNativeTarget;
			buildConfigurationList = 4AC8906D24DE5D0A00A4948A /* Build configuration list for PBXNativeTarget "ZhangBu_original" */;
			buildPhases = (
				340D3751C903906F11243309 /* [CP] Check Pods Manifest.lock */,
				4AC8905524DE5D0800A4948A /* Sources */,
				4AC8905624DE5D0800A4948A /* Frameworks */,
				4AC8905724DE5D0800A4948A /* Resources */,
				4A918FE624EF69B800B1CA1B /* Embed Frameworks */,
				4A918FF224EF69E900B1CA1B /* Embed PlugIns */,
				1EC5CABB2140892E22432196 /* [CP] Embed Pods Frameworks */,
			);
			buildRules = (
			);
			dependencies = (
			);
			name = ZhangBu_original;
			packageProductDependencies = (
				4A918FFC24EF9F7200B1CA1B /* NFCReader */,
			);
			productName = ZhangBu_original;
			productReference = 4AC8905924DE5D0800A4948A /* ZhangBu_original.app */;
			productType = "com.apple.product-type.application";
		};
/* End PBXNativeTarget section */

/* Begin PBXProject section */
		4AC8905124DE5D0800A4948A /* Project object */ = {
			isa = PBXProject;
			attributes = {
				LastSwiftUpdateCheck = 1160;
				LastUpgradeCheck = 1160;
				ORGANIZATIONNAME = "net.Chee-Saga";
				TargetAttributes = {
					4AC8905824DE5D0800A4948A = {
						CreatedOnToolsVersion = 11.6;
					};
				};
			};
			buildConfigurationList = 4AC8905424DE5D0800A4948A /* Build configuration list for PBXProject "ZhangBu_original" */;
			compatibilityVersion = "Xcode 9.3";
			developmentRegion = en;
			hasScannedForEncodings = 0;
			knownRegions = (
				en,
				Base,
			);
			mainGroup = 4AC8905024DE5D0800A4948A;
			packageReferences = (
				4A918FFB24EF9F7200B1CA1B /* XCRemoteSwiftPackageReference "NFCReader" */,
			);
			productRefGroup = 4AC8905A24DE5D0800A4948A /* Products */;
			projectDirPath = "";
			projectRoot = "";
			targets = (
				4AC8905824DE5D0800A4948A /* ZhangBu_original */,
			);
		};
/* End PBXProject section */

/* Begin PBXResourcesBuildPhase section */
		4AC8905724DE5D0800A4948A /* Resources */ = {
			isa = PBXResourcesBuildPhase;
			buildActionMask = 2147483647;
			files = (
				4AB55A7024FA01CE009173B5 /* InputPasscodeDisplayView.xib in Resources */,
				4AC8906924DE5D0A00A4948A /* LaunchScreen.storyboard in Resources */,
				4AB55BC625008385009173B5 /* Icon-App-29x29@3x.png in Resources */,
				4AB55AAC24FA4118009173B5 /* Default-568h@2x.png in Resources */,
				4AB55BC725008385009173B5 /* Icon-App-40x40@2x.png in Resources */,
				4AC8906624DE5D0A00A4948A /* Assets.xcassets in Resources */,
				4AB55BDF2504B601009173B5 /* えり字.otf in Resources */,
				4AB55BBE25008385009173B5 /* Icon-App-29x29@1x.png in Resources */,
				4AB55BCA25008385009173B5 /* Icon-App-76x76@1x.png in Resources */,
				4AC8907724DFFD3100A4948A /* Main.storyboard in Resources */,
				4AB55A6A24FA015B009173B5 /* InputPasscodeKeyboardView.xib in Resources */,
				4AB55BCD25008385009173B5 /* README.md in Resources */,
				4AB55A5B24F4E0CD009173B5 /* cordFont5.otf in Resources */,
				4AB55BDB2504ACC2009173B5 /* BackGround.jpeg in Resources */,
				4AB55BC025008385009173B5 /* Icon-App-20x20@1x.png in Resources */,
				4AB55AB424FC9C48009173B5 /* GoogleService-Info.plist in Resources */,
				4AB55BBF25008385009173B5 /* Icon-App-40x40@1x.png in Resources */,
				4AB55BBD25008385009173B5 /* Icon-App-76x76@2x.png in Resources */,
				4AB55BCF25008385009173B5 /* iTunesArtwork@3x.png in Resources */,
				4AB55BCB25008385009173B5 /* Icon-App-40x40@3x.png in Resources */,
				4AB55A6324FA00B6009173B5 /* Passcode.storyboard in Resources */,
				4AB55BCC25008385009173B5 /* Icon-App-29x29@2x.png in Resources */,
				4AB55BCE25008385009173B5 /* iTunesArtwork@2x.png in Resources */,
				4AB55BC125008385009173B5 /* Icon-App-83.5x83.5@2x.png in Resources */,
				4AB55BBC25008385009173B5 /* iTunesArtwork@1x.png in Resources */,
				4AB55BC925008385009173B5 /* Icon-App-60x60@2x.png in Resources */,
				4AB55BC225008385009173B5 /* Icon-App-20x20@3x.png in Resources */,
				4AB55BC325008385009173B5 /* ItunesArtwork@2x.png in Resources */,
				4AB55BC525008385009173B5 /* Icon-App-20x20@2x.png in Resources */,
				4AB55BC825008385009173B5 /* Icon-App-60x60@3x.png in Resources */,
				4AB55BC425008385009173B5 /* Contents.json in Resources */,
			);
			runOnlyForDeploymentPostprocessing = 0;
		};
/* End PBXResourcesBuildPhase section */

/* Begin PBXShellScriptBuildPhase section */
		1EC5CABB2140892E22432196 /* [CP] Embed Pods Frameworks */ = {
			isa = PBXShellScriptBuildPhase;
			buildActionMask = 2147483647;
			files = (
			);
			inputFileListPaths = (
				"${PODS_ROOT}/Target Support Files/Pods-ZhangBu_original/Pods-ZhangBu_original-frameworks-${CONFIGURATION}-input-files.xcfilelist",
			);
			name = "[CP] Embed Pods Frameworks";
			outputFileListPaths = (
				"${PODS_ROOT}/Target Support Files/Pods-ZhangBu_original/Pods-ZhangBu_original-frameworks-${CONFIGURATION}-output-files.xcfilelist",
			);
			runOnlyForDeploymentPostprocessing = 0;
			shellPath = /bin/sh;
			shellScript = "\"${PODS_ROOT}/Target Support Files/Pods-ZhangBu_original/Pods-ZhangBu_original-frameworks.sh\"\n";
			showEnvVarsInLog = 0;
		};
		340D3751C903906F11243309 /* [CP] Check Pods Manifest.lock */ = {
			isa = PBXShellScriptBuildPhase;
			buildActionMask = 2147483647;
			files = (
			);
			inputFileListPaths = (
			);
			inputPaths = (
				"${PODS_PODFILE_DIR_PATH}/Podfile.lock",
				"${PODS_ROOT}/Manifest.lock",
			);
			name = "[CP] Check Pods Manifest.lock";
			outputFileListPaths = (
			);
			outputPaths = (
				"$(DERIVED_FILE_DIR)/Pods-ZhangBu_original-checkManifestLockResult.txt",
			);
			runOnlyForDeploymentPostprocessing = 0;
			shellPath = /bin/sh;
			shellScript = "diff \"${PODS_PODFILE_DIR_PATH}/Podfile.lock\" \"${PODS_ROOT}/Manifest.lock\" > /dev/null\nif [ $? != 0 ] ; then\n    # print error to STDERR\n    echo \"error: The sandbox is not in sync with the Podfile.lock. Run 'pod install' or update your CocoaPods installation.\" >&2\n    exit 1\nfi\n# This output is used by Xcode 'outputs' to avoid re-running this script phase.\necho \"SUCCESS\" > \"${SCRIPT_OUTPUT_FILE_0}\"\n";
			showEnvVarsInLog = 0;
		};
/* End PBXShellScriptBuildPhase section */

/* Begin PBXSourcesBuildPhase section */
		4AC8905524DE5D0800A4948A /* Sources */ = {
			isa = PBXSourcesBuildPhase;
			buildActionMask = 2147483647;
			files = (
				4AB55A7324FA030F009173B5 /* CustomViewBase.swift in Sources */,
				4AB55B7B2500673B009173B5 /* CategoryStatisticsViewController.swift in Sources */,
				4AB55A9E24FA18F8009173B5 /* CryptAlgorithm.swift in Sources */,
				4AB55A8724FA0A55009173B5 /* PasscodeModel.swift in Sources */,
				4AB55A9224FA16EE009173B5 /* StringExtension.swift in Sources */,
				4AB55BD325022F35009173B5 /* SplashVC.swift in Sources */,
				4AB55BD125022976009173B5 /* RootVC.swift in Sources */,
				4A91900824F152F800B1CA1B /* UserDefault.swift in Sources */,
				4AB55BD52503D5A4009173B5 /* Account.swift in Sources */,
				4AC8908724E52BD500A4948A /* EditMemoViewController.swift in Sources */,
				4AC890AF24EDF6B300A4948A /* SettingMainViewController.swift in Sources */,
				4AC890A224E7C4B000A4948A /* Payment.swift in Sources */,
				4AC890B124EDF9E000A4948A /* IndividualSettingViewController.swift in Sources */,
				4AB55A8124FA08F8009173B5 /* InputPasscodeType.swift in Sources */,
				4AB55A9C24FA18DA009173B5 /* LocalAuthenticationType.swift in Sources */,
				4AB55BD72503D5E6009173B5 /* CategoryList.swift in Sources */,
				4AB55A8424FA09F9009173B5 /* PasscodePresenter.swift in Sources */,
				4AC8905D24DE5D0800A4948A /* AppDelegate.swift in Sources */,
				4AB55A9024FA16EE009173B5 /* UIViewControllerExtension.swift in Sources */,
				4AB55A6024F95C55009173B5 /* CheckMoneyViewController.swift in Sources */,
				4AB55A7E24FA08F8009173B5 /* TabBarItemType.swift in Sources */,
				4AB55A8F24FA16EE009173B5 /* UIColorExtension.swift in Sources */,
				4AB55A9A24FA1860009173B5 /* LocalAuthenticationManager.swift in Sources */,
				4AB55BDD2504B073009173B5 /* UIImageExtension.swift in Sources */,
				4AC8905F24DE5D0800A4948A /* SceneDelegate.swift in Sources */,
				4AB55BD92504A5BF009173B5 /* WalkThroughVC.swift in Sources */,
				4AB55A5D24F4FFA4009173B5 /* AddAccountViewController.swift in Sources */,
				4AB55A7124FA01CE009173B5 /* InputPasscodeDisplayView.swift in Sources */,
				4AB55AB024FA4A59009173B5 /* SettingViewController.swift in Sources */,
				4AC890AC24ED1B0E00A4948A /* AddCategoryViewController.swift in Sources */,
				4AB55A9324FA16EE009173B5 /* NSObjectProtocolExtension.swift in Sources */,
				4AB55A9924FA1860009173B5 /* AppConstant.swift in Sources */,
				4AB55A6C24FA01B7009173B5 /* PasscodeViewController.swift in Sources */,
				4AC8908124E2309200A4948A /* PLViewController.swift in Sources */,
				4AC890A624EA441700A4948A /* EditMemoOfPLDViewController.swift in Sources */,
				4AC8908324E261DE00A4948A /* AddPaymentViewController.swift in Sources */,
				4AB55A6924FA015B009173B5 /* InputPasscodeKeyboardView.swift in Sources */,
				4AC890A824EB9FC100A4948A /* PickerViewKeyboard.swift in Sources */,
				4AC8909124E63B8200A4948A /* pickerTextField.swift in Sources */,
				7682EB7524E8F9DB00304D77 /* PLDetailViewController.swift in Sources */,
			);
			runOnlyForDeploymentPostprocessing = 0;
		};
/* End PBXSourcesBuildPhase section */

/* Begin PBXVariantGroup section */
		4AC8906724DE5D0A00A4948A /* LaunchScreen.storyboard */ = {
			isa = PBXVariantGroup;
			children = (
				4AC8906824DE5D0A00A4948A /* Base */,
			);
			name = LaunchScreen.storyboard;
			sourceTree = "<group>";
		};
/* End PBXVariantGroup section */

/* Begin XCBuildConfiguration section */
		4AC8906B24DE5D0A00A4948A /* Debug */ = {
			isa = XCBuildConfiguration;
			buildSettings = {
				ALWAYS_SEARCH_USER_PATHS = NO;
				CLANG_ANALYZER_NONNULL = YES;
				CLANG_ANALYZER_NUMBER_OBJECT_CONVERSION = YES_AGGRESSIVE;
				CLANG_CXX_LANGUAGE_STANDARD = "gnu++14";
				CLANG_CXX_LIBRARY = "libc++";
				CLANG_ENABLE_MODULES = YES;
				CLANG_ENABLE_OBJC_ARC = YES;
				CLANG_ENABLE_OBJC_WEAK = YES;
				CLANG_WARN_BLOCK_CAPTURE_AUTORELEASING = YES;
				CLANG_WARN_BOOL_CONVERSION = YES;
				CLANG_WARN_COMMA = YES;
				CLANG_WARN_CONSTANT_CONVERSION = YES;
				CLANG_WARN_DEPRECATED_OBJC_IMPLEMENTATIONS = YES;
				CLANG_WARN_DIRECT_OBJC_ISA_USAGE = YES_ERROR;
				CLANG_WARN_DOCUMENTATION_COMMENTS = YES;
				CLANG_WARN_EMPTY_BODY = YES;
				CLANG_WARN_ENUM_CONVERSION = YES;
				CLANG_WARN_INFINITE_RECURSION = YES;
				CLANG_WARN_INT_CONVERSION = YES;
				CLANG_WARN_NON_LITERAL_NULL_CONVERSION = YES;
				CLANG_WARN_OBJC_IMPLICIT_RETAIN_SELF = YES;
				CLANG_WARN_OBJC_LITERAL_CONVERSION = YES;
				CLANG_WARN_OBJC_ROOT_CLASS = YES_ERROR;
				CLANG_WARN_RANGE_LOOP_ANALYSIS = YES;
				CLANG_WARN_STRICT_PROTOTYPES = YES;
				CLANG_WARN_SUSPICIOUS_MOVE = YES;
				CLANG_WARN_UNGUARDED_AVAILABILITY = YES_AGGRESSIVE;
				CLANG_WARN_UNREACHABLE_CODE = YES;
				CLANG_WARN__DUPLICATE_METHOD_MATCH = YES;
				COPY_PHASE_STRIP = NO;
				DEBUG_INFORMATION_FORMAT = dwarf;
				ENABLE_STRICT_OBJC_MSGSEND = YES;
				ENABLE_TESTABILITY = YES;
				GCC_C_LANGUAGE_STANDARD = gnu11;
				GCC_DYNAMIC_NO_PIC = NO;
				GCC_NO_COMMON_BLOCKS = YES;
				GCC_OPTIMIZATION_LEVEL = 0;
				GCC_PREPROCESSOR_DEFINITIONS = (
					"DEBUG=1",
					"$(inherited)",
				);
				GCC_WARN_64_TO_32_BIT_CONVERSION = YES;
				GCC_WARN_ABOUT_RETURN_TYPE = YES_ERROR;
				GCC_WARN_UNDECLARED_SELECTOR = YES;
				GCC_WARN_UNINITIALIZED_AUTOS = YES_AGGRESSIVE;
				GCC_WARN_UNUSED_FUNCTION = YES;
				GCC_WARN_UNUSED_VARIABLE = YES;
				IPHONEOS_DEPLOYMENT_TARGET = 13.0;
				MTL_ENABLE_DEBUG_INFO = INCLUDE_SOURCE;
				MTL_FAST_MATH = YES;
				ONLY_ACTIVE_ARCH = YES;
				ON_DEMAND_RESOURCES_PREFETCH_ORDER = "";
				SDKROOT = iphoneos;
				SWIFT_ACTIVE_COMPILATION_CONDITIONS = DEBUG;
				SWIFT_OPTIMIZATION_LEVEL = "-Onone";
				SWIFT_VERSION = "";
			};
			name = Debug;
		};
		4AC8906C24DE5D0A00A4948A /* Release */ = {
			isa = XCBuildConfiguration;
			buildSettings = {
				ALWAYS_SEARCH_USER_PATHS = NO;
				CLANG_ANALYZER_NONNULL = YES;
				CLANG_ANALYZER_NUMBER_OBJECT_CONVERSION = YES_AGGRESSIVE;
				CLANG_CXX_LANGUAGE_STANDARD = "gnu++14";
				CLANG_CXX_LIBRARY = "libc++";
				CLANG_ENABLE_MODULES = YES;
				CLANG_ENABLE_OBJC_ARC = YES;
				CLANG_ENABLE_OBJC_WEAK = YES;
				CLANG_WARN_BLOCK_CAPTURE_AUTORELEASING = YES;
				CLANG_WARN_BOOL_CONVERSION = YES;
				CLANG_WARN_COMMA = YES;
				CLANG_WARN_CONSTANT_CONVERSION = YES;
				CLANG_WARN_DEPRECATED_OBJC_IMPLEMENTATIONS = YES;
				CLANG_WARN_DIRECT_OBJC_ISA_USAGE = YES_ERROR;
				CLANG_WARN_DOCUMENTATION_COMMENTS = YES;
				CLANG_WARN_EMPTY_BODY = YES;
				CLANG_WARN_ENUM_CONVERSION = YES;
				CLANG_WARN_INFINITE_RECURSION = YES;
				CLANG_WARN_INT_CONVERSION = YES;
				CLANG_WARN_NON_LITERAL_NULL_CONVERSION = YES;
				CLANG_WARN_OBJC_IMPLICIT_RETAIN_SELF = YES;
				CLANG_WARN_OBJC_LITERAL_CONVERSION = YES;
				CLANG_WARN_OBJC_ROOT_CLASS = YES_ERROR;
				CLANG_WARN_RANGE_LOOP_ANALYSIS = YES;
				CLANG_WARN_STRICT_PROTOTYPES = YES;
				CLANG_WARN_SUSPICIOUS_MOVE = YES;
				CLANG_WARN_UNGUARDED_AVAILABILITY = YES_AGGRESSIVE;
				CLANG_WARN_UNREACHABLE_CODE = YES;
				CLANG_WARN__DUPLICATE_METHOD_MATCH = YES;
				COPY_PHASE_STRIP = NO;
				DEBUG_INFORMATION_FORMAT = "dwarf-with-dsym";
				ENABLE_NS_ASSERTIONS = NO;
				ENABLE_STRICT_OBJC_MSGSEND = YES;
				GCC_C_LANGUAGE_STANDARD = gnu11;
				GCC_NO_COMMON_BLOCKS = YES;
				GCC_WARN_64_TO_32_BIT_CONVERSION = YES;
				GCC_WARN_ABOUT_RETURN_TYPE = YES_ERROR;
				GCC_WARN_UNDECLARED_SELECTOR = YES;
				GCC_WARN_UNINITIALIZED_AUTOS = YES_AGGRESSIVE;
				GCC_WARN_UNUSED_FUNCTION = YES;
				GCC_WARN_UNUSED_VARIABLE = YES;
				IPHONEOS_DEPLOYMENT_TARGET = 13.0;
				MTL_ENABLE_DEBUG_INFO = NO;
				MTL_FAST_MATH = YES;
				SDKROOT = iphoneos;
				SWIFT_COMPILATION_MODE = wholemodule;
				SWIFT_OPTIMIZATION_LEVEL = "-O";
				SWIFT_VERSION = "";
				VALIDATE_PRODUCT = YES;
			};
			name = Release;
		};
		4AC8906E24DE5D0A00A4948A /* Debug */ = {
			isa = XCBuildConfiguration;
			baseConfigurationReference = 16B91DFF6C1E212AD4D8BB6D /* Pods-ZhangBu_original.debug.xcconfig */;
			buildSettings = {
				ASSETCATALOG_COMPILER_APPICON_NAME = AppIcon;
				CODE_SIGN_IDENTITY = "Apple Development";
				CODE_SIGN_STYLE = Automatic;
				DEVELOPMENT_TEAM = VZV4X3NX98;
				INFOPLIST_FILE = "$(SRCROOT)/Info.plist";
				LD_RUNPATH_SEARCH_PATHS = (
					"$(inherited)",
					"@executable_path/Frameworks",
				);
				PRODUCT_BUNDLE_IDENTIFIER = "ZhangBu-original.MyFirst20200831";
				PRODUCT_NAME = ZhangBu_original;
				SWIFT_OBJC_BRIDGING_HEADER = "$(SRCROOT)/ZhangBu_original/TouchIDExample-Bridging-Header.h";
				SWIFT_VERSION = 5.0;
				TARGETED_DEVICE_FAMILY = 1;
			};
			name = Debug;
		};
		4AC8906F24DE5D0A00A4948A /* Release */ = {
			isa = XCBuildConfiguration;
			baseConfigurationReference = 2CAB79A3E446FADF19957A41 /* Pods-ZhangBu_original.release.xcconfig */;
			buildSettings = {
				ASSETCATALOG_COMPILER_APPICON_NAME = AppIcon;
				CODE_SIGN_IDENTITY = "Apple Development";
				CODE_SIGN_STYLE = Automatic;
				DEVELOPMENT_TEAM = VZV4X3NX98;
				INFOPLIST_FILE = "$(SRCROOT)/Info.plist";
				LD_RUNPATH_SEARCH_PATHS = (
					"$(inherited)",
					"@executable_path/Frameworks",
				);
				"PODS_CONFIGURATION_BUILD_DIR[sdk=iphoneos13.6]" = "${PODS_BUILD_DIR}/$(CONFIGURATION)$(EFFECTIVE_PLATFORM_NAME)";
				PRODUCT_BUNDLE_IDENTIFIER = "ZhangBu-original.MyFirst20200831";
				PRODUCT_NAME = ZhangBu_original;
				SWIFT_OBJC_BRIDGING_HEADER = "$(SRCROOT)/ZhangBu_original/TouchIDExample-Bridging-Header.h";
				SWIFT_VERSION = 5.0;
				TARGETED_DEVICE_FAMILY = 1;
			};
			name = Release;
		};
/* End XCBuildConfiguration section */

/* Begin XCConfigurationList section */
		4AC8905424DE5D0800A4948A /* Build configuration list for PBXProject "ZhangBu_original" */ = {
			isa = XCConfigurationList;
			buildConfigurations = (
				4AC8906B24DE5D0A00A4948A /* Debug */,
				4AC8906C24DE5D0A00A4948A /* Release */,
			);
			defaultConfigurationIsVisible = 0;
			defaultConfigurationName = Release;
		};
		4AC8906D24DE5D0A00A4948A /* Build configuration list for PBXNativeTarget "ZhangBu_original" */ = {
			isa = XCConfigurationList;
			buildConfigurations = (
				4AC8906E24DE5D0A00A4948A /* Debug */,
				4AC8906F24DE5D0A00A4948A /* Release */,
			);
			defaultConfigurationIsVisible = 0;
			defaultConfigurationName = Release;
		};
/* End XCConfigurationList section */

/* Begin XCRemoteSwiftPackageReference section */
		4A918FFB24EF9F7200B1CA1B /* XCRemoteSwiftPackageReference "NFCReader" */ = {
			isa = XCRemoteSwiftPackageReference;
			repositoryURL = "https://github.com/tattn/NFCReader.git";
			requirement = {
				kind = upToNextMajorVersion;
				minimumVersion = 1.0.3;
			};
		};
/* End XCRemoteSwiftPackageReference section */

/* Begin XCSwiftPackageProductDependency section */
		4A918FFC24EF9F7200B1CA1B /* NFCReader */ = {
			isa = XCSwiftPackageProductDependency;
			package = 4A918FFB24EF9F7200B1CA1B /* XCRemoteSwiftPackageReference "NFCReader" */;
			productName = NFCReader;
		};
/* End XCSwiftPackageProductDependency section */
	};
	rootObject = 4AC8905124DE5D0800A4948A /* Project object */;
}
